
Microsoft Visual Studio Solution File, Format Version 12.00
# Visual Studio Version 16
VisualStudioVersion = 16.0.29123.88
MinimumVisualStudioVersion = 10.0.40219.1
Project("{FAE04EC0-301F-11D3-BF4B-00C04F79EFBC}") = "addressbook_tests_white", "addressbook_tests_white.csproj", "{A9021629-AAF6-4B63-B172-9EC02DD484F4}"
EndProject
Global
	GlobalSection(SolutionConfigurationPlatforms) = preSolution
		Debug|Any CPU = Debug|Any CPU
		Release|Any CPU = Release|Any CPU
	EndGlobalSection
	GlobalSection(ProjectConfigurationPlatforms) = postSolution
		{A9021629-AAF6-4B63-B172-9EC02DD484F4}.Debug|Any CPU.ActiveCfg = Debug|Any CPU
		{A9021629-AAF6-4B63-B172-9EC02DD484F4}.Debug|Any CPU.Build.0 = Debug|Any CPU
		{A9021629-AAF6-4B63-B172-9EC02DD484F4}.Release|Any CPU.ActiveCfg = Release|Any CPU
		{A9021629-AAF6-4B63-B172-9EC02DD484F4}.Release|Any CPU.Build.0 = Release|Any CPU
	EndGlobalSection
	GlobalSection(SolutionProperties) = preSolution
		HideSolutionNode = FALSE
	EndGlobalSection
	GlobalSection(ExtensibilityGlobals) = postSolution
		SolutionGuid = {27C57297-9B9E-4D8E-8985-2B2988619063}
	EndGlobalSection
EndGlobal
